// !$*UTF8*$!
{
	archiveVersion = 1;
	classes = {
	};
	objectVersion = 50;
	objects = {

/* Begin PBXBuildFile section */
		8382790F26F106CD00D839EE /* CustomerServicesApp.swift in Sources */ = {isa = PBXBuildFile; fileRef = 8382790E26F106CD00D839EE /* CustomerServicesApp.swift */; };
		8382791126F106CD00D839EE /* ContentView.swift in Sources */ = {isa = PBXBuildFile; fileRef = 8382791026F106CD00D839EE /* ContentView.swift */; };
		8382791326F106D300D839EE /* Assets.xcassets in Resources */ = {isa = PBXBuildFile; fileRef = 8382791226F106D300D839EE /* Assets.xcassets */; };
		8382791626F106D300D839EE /* Preview Assets.xcassets in Resources */ = {isa = PBXBuildFile; fileRef = 8382791526F106D300D839EE /* Preview Assets.xcassets */; };
		8382791826F106D300D839EE /* Persistence.swift in Sources */ = {isa = PBXBuildFile; fileRef = 8382791726F106D300D839EE /* Persistence.swift */; };
		8382791B26F106D300D839EE /* CustomerServices.xcdatamodeld in Sources */ = {isa = PBXBuildFile; fileRef = 8382791926F106D300D839EE /* CustomerServices.xcdatamodeld */; };
/* End PBXBuildFile section */

/* Begin PBXFileReference section */
		8382790B26F106CD00D839EE /* CustomerServices.app */ = {isa = PBXFileReference; explicitFileType = wrapper.application; includeInIndex = 0; path = CustomerServices.app; sourceTree = BUILT_PRODUCTS_DIR; };
		8382790E26F106CD00D839EE /* CustomerServicesApp.swift */ = {isa = PBXFileReference; lastKnownFileType = sourcecode.swift; path = CustomerServicesApp.swift; sourceTree = "<group>"; };
		8382791026F106CD00D839EE /* ContentView.swift */ = {isa = PBXFileReference; lastKnownFileType = sourcecode.swift; path = ContentView.swift; sourceTree = "<group>"; };
		8382791226F106D300D839EE /* Assets.xcassets */ = {isa = PBXFileReference; lastKnownFileType = folder.assetcatalog; path = Assets.xcassets; sourceTree = "<group>"; };
		8382791526F106D300D839EE /* Preview Assets.xcassets */ = {isa = PBXFileReference; lastKnownFileType = folder.assetcatalog; path = "Preview Assets.xcassets"; sourceTree = "<group>"; };
		8382791726F106D300D839EE /* Persistence.swift */ = {isa = PBXFileReference; lastKnownFileType = sourcecode.swift; path = Persistence.swift; sourceTree = "<group>"; };
		8382791A26F106D300D839EE /* CustomerServices.xcdatamodel */ = {isa = PBXFileReference; lastKnownFileType = wrapper.xcdatamodel; path = CustomerServices.xcdatamodel; sourceTree = "<group>"; };
		8382791C26F106D300D839EE /* Info.plist */ = {isa = PBXFileReference; lastKnownFileType = text.plist.xml; path = Info.plist; sourceTree = "<group>"; };
		8382791D26F106D300D839EE /* CustomerServices.entitlements */ = {isa = PBXFileReference; lastKnownFileType = text.plist.entitlements; path = CustomerServices.entitlements; sourceTree = "<group>"; };
/* End PBXFileReference section */

/* Begin PBXFrameworksBuildPhase section */
		8382790826F106CD00D839EE /* Frameworks */ = {
			isa = PBXFrameworksBuildPhase;
			buildActionMask = 2147483647;
			files = (
			);
			runOnlyForDeploymentPostprocessing = 0;
		};
/* End PBXFrameworksBuildPhase section */

/* Begin PBXGroup section */
		8382790226F106CD00D839EE = {
			isa = PBXGroup;
			children = (
				8382790D26F106CD00D839EE /* CustomerServices */,
				8382790C26F106CD00D839EE /* Products */,
			);
			sourceTree = "<group>";
		};
		8382790C26F106CD00D839EE /* Products */ = {
			isa = PBXGroup;
			children = (
				8382790B26F106CD00D839EE /* CustomerServices.app */,
			);
			name = Products;
			sourceTree = "<group>";
		};
		8382790D26F106CD00D839EE /* CustomerServices */ = {
			isa = PBXGroup;
			children = (
				8382790E26F106CD00D839EE /* CustomerServicesApp.swift */,
				8382791026F106CD00D839EE /* ContentView.swift */,
				8382791226F106D300D839EE /* Assets.xcassets */,
				8382791726F106D300D839EE /* Persistence.swift */,
				8382791C26F106D300D839EE /* Info.plist */,
				8382791D26F106D300D839EE /* CustomerServices.entitlements */,
				8382791926F106D300D839EE /* CustomerServices.xcdatamodeld */,
				8382791426F106D300D839EE /* Preview Content */,
			);
			path = CustomerServices;
			sourceTree = "<group>";
		};
		8382791426F106D300D839EE /* Preview Content */ = {
			isa = PBXGroup;
			children = (
				8382791526F106D300D839EE /* Preview Assets.xcassets */,
			);
			path = "Preview Content";
			sourceTree = "<group>";
		};
/* End PBXGroup section */

/* Begin PBXNativeTarget section */
		8382790A26F106CD00D839EE /* CustomerServices */ = {
			isa = PBXNativeTarget;
			buildConfigurationList = 8382792026F106D300D839EE /* Build configuration list for PBXNativeTarget "CustomerServices" */;
			buildPhases = (
				8382790726F106CD00D839EE /* Sources */,
				8382790826F106CD00D839EE /* Frameworks */,
				8382790926F106CD00D839EE /* Resources */,
			);
			buildRules = (
			);
			dependencies = (
			);
			name = CustomerServices;
			productName = CustomerServices;
			productReference = 8382790B26F106CD00D839EE /* CustomerServices.app */;
			productType = "com.apple.product-type.application";
		};
/* End PBXNativeTarget section */

/* Begin PBXProject section */
		8382790326F106CD00D839EE /* Project object */ = {
			isa = PBXProject;
			attributes = {
				LastSwiftUpdateCheck = 1250;
				LastUpgradeCheck = 1250;
				TargetAttributes = {
					8382790A26F106CD00D839EE = {
						CreatedOnToolsVersion = 12.5.1;
					};
				};
			};
			buildConfigurationList = 8382790626F106CD00D839EE /* Build configuration list for PBXProject "CustomerServices" */;
			compatibilityVersion = "Xcode 9.3";
			developmentRegion = en;
			hasScannedForEncodings = 0;
			knownRegions = (
				en,
				Base,
			);
			mainGroup = 8382790226F106CD00D839EE;
			productRefGroup = 8382790C26F106CD00D839EE /* Products */;
			projectDirPath = "";
			projectRoot = "";
			targets = (
				8382790A26F106CD00D839EE /* CustomerServices */,
			);
		};
/* End PBXProject section */

/* Begin PBXResourcesBuildPhase section */
		8382790926F106CD00D839EE /* Resources */ = {
			isa = PBXResourcesBuildPhase;
			buildActionMask = 2147483647;
			files = (
				8382791626F106D300D839EE /* Preview Assets.xcassets in Resources */,
				8382791326F106D300D839EE /* Assets.xcassets in Resources */,
			);
			runOnlyForDeploymentPostprocessing = 0;
		};
/* End PBXResourcesBuildPhase section */

/* Begin PBXSourcesBuildPhase section */
		8382790726F106CD00D839EE /* Sources */ = {
			isa = PBXSourcesBuildPhase;
			buildActionMask = 2147483647;
			files = (
				8382791826F106D300D839EE /* Persistence.swift in Sources */,
				8382791126F106CD00D839EE /* ContentView.swift in Sources */,
				8382790F26F106CD00D839EE /* CustomerServicesApp.swift in Sources */,
				8382791B26F106D300D839EE /* CustomerServices.xcdatamodeld in Sources */,
			);
			runOnlyForDeploymentPostprocessing = 0;
		};
/* End PBXSourcesBuildPhase section */

/* Begin XCBuildConfiguration section */
		8382791E26F106D300D839EE /* Debug */ = {
			isa = XCBuildConfiguration;
			buildSettings = {
				ALWAYS_SEARCH_USER_PATHS = NO;
				CLANG_ANALYZER_NONNULL = YES;
				CLANG_ANALYZER_NUMBER_OBJECT_CONVERSION = YES_AGGRESSIVE;
				CLANG_CXX_LANGUAGE_STANDARD = "gnu++14";
				CLANG_CXX_LIBRARY = "libc++";
				CLANG_ENABLE_MODULES = YES;
				CLANG_ENABLE_OBJC_ARC = YES;
				CLANG_ENABLE_OBJC_WEAK = YES;
				CLANG_WARN_BLOCK_CAPTURE_AUTORELEASING = YES;
				CLANG_WARN_BOOL_CONVERSION = YES;
				CLANG_WARN_COMMA = YES;
				CLANG_WARN_CONSTANT_CONVERSION = YES;
				CLANG_WARN_DEPRECATED_OBJC_IMPLEMENTATIONS = YES;
				CLANG_WARN_DIRECT_OBJC_ISA_USAGE = YES_ERROR;
				CLANG_WARN_DOCUMENTATION_COMMENTS = YES;
				CLANG_WARN_EMPTY_BODY = YES;
				CLANG_WARN_ENUM_CONVERSION = YES;
				CLANG_WARN_INFINITE_RECURSION = YES;
				CLANG_WARN_INT_CONVERSION = YES;
				CLANG_WARN_NON_LITERAL_NULL_CONVERSION = YES;
				CLANG_WARN_OBJC_IMPLICIT_RETAIN_SELF = YES;
				CLANG_WARN_OBJC_LITERAL_CONVERSION = YES;
				CLANG_WARN_OBJC_ROOT_CLASS = YES_ERROR;
				CLANG_WARN_QUOTED_INCLUDE_IN_FRAMEWORK_HEADER = YES;
				CLANG_WARN_RANGE_LOOP_ANALYSIS = YES;
				CLANG_WARN_STRICT_PROTOTYPES = YES;
				CLANG_WARN_SUSPICIOUS_MOVE = YES;
				CLANG_WARN_UNGUARDED_AVAILABILITY = YES_AGGRESSIVE;
				CLANG_WARN_UNREACHABLE_CODE = YES;
				CLANG_WARN__DUPLICATE_METHOD_MATCH = YES;
				COPY_PHASE_STRIP = NO;
				DEBUG_INFORMATION_FORMAT = dwarf;
				ENABLE_STRICT_OBJC_MSGSEND = YES;
				ENABLE_TESTABILITY = YES;
				GCC_C_LANGUAGE_STANDARD = gnu11;
				GCC_DYNAMIC_NO_PIC = NO;
				GCC_NO_COMMON_BLOCKS = YES;
				GCC_OPTIMIZATION_LEVEL = 0;
				GCC_PREPROCESSOR_DEFINITIONS = (
					"DEBUG=1",
					"$(inherited)",
				);
				GCC_WARN_64_TO_32_BIT_CONVERSION = YES;
				GCC_WARN_ABOUT_RETURN_TYPE = YES_ERROR;
				GCC_WARN_UNDECLARED_SELECTOR = YES;
				GCC_WARN_UNINITIALIZED_AUTOS = YES_AGGRESSIVE;
				GCC_WARN_UNUSED_FUNCTION = YES;
				GCC_WARN_UNUSED_VARIABLE = YES;
				MACOSX_DEPLOYMENT_TARGET = 11.3;
				MTL_ENABLE_DEBUG_INFO = INCLUDE_SOURCE;
				MTL_FAST_MATH = YES;
				ONLY_ACTIVE_ARCH = YES;
				SDKROOT = macosx;
				SWIFT_ACTIVE_COMPILATION_CONDITIONS = DEBUG;
				SWIFT_OPTIMIZATION_LEVEL = "-Onone";
			};
			name = Debug;
		};
		8382791F26F106D300D839EE /* Release */ = {
			isa = XCBuildConfiguration;
			buildSettings = {
				ALWAYS_SEARCH_USER_PATHS = NO;
				CLANG_ANALYZER_NONNULL = YES;
				CLANG_ANALYZER_NUMBER_OBJECT_CONVERSION = YES_AGGRESSIVE;
				CLANG_CXX_LANGUAGE_STANDARD = "gnu++14";
				CLANG_CXX_LIBRARY = "libc++";
				CLANG_ENABLE_MODULES = YES;
				CLANG_ENABLE_OBJC_ARC = YES;
				CLANG_ENABLE_OBJC_WEAK = YES;
				CLANG_WARN_BLOCK_CAPTURE_AUTORELEASING = YES;
				CLANG_WARN_BOOL_CONVERSION = YES;
				CLANG_WARN_COMMA = YES;
				CLANG_WARN_CONSTANT_CONVERSION = YES;
				CLANG_WARN_DEPRECATED_OBJC_IMPLEMENTATIONS = YES;
				CLANG_WARN_DIRECT_OBJC_ISA_USAGE = YES_ERROR;
				CLANG_WARN_DOCUMENTATION_COMMENTS = YES;
				CLANG_WARN_EMPTY_BODY = YES;
				CLANG_WARN_ENUM_CONVERSION = YES;
				CLANG_WARN_INFINITE_RECURSION = YES;
				CLANG_WARN_INT_CONVERSION = YES;
				CLANG_WARN_NON_LITERAL_NULL_CONVERSION = YES;
				CLANG_WARN_OBJC_IMPLICIT_RETAIN_SELF = YES;
				CLANG_WARN_OBJC_LITERAL_CONVERSION = YES;
				CLANG_WARN_OBJC_ROOT_CLASS = YES_ERROR;
				CLANG_WARN_QUOTED_INCLUDE_IN_FRAMEWORK_HEADER = YES;
				CLANG_WARN_RANGE_LOOP_ANALYSIS = YES;
				CLANG_WARN_STRICT_PROTOTYPES = YES;
				CLANG_WARN_SUSPICIOUS_MOVE = YES;
				CLANG_WARN_UNGUARDED_AVAILABILITY = YES_AGGRESSIVE;
				CLANG_WARN_UNREACHABLE_CODE = YES;
				CLANG_WARN__DUPLICATE_METHOD_MATCH = YES;
				COPY_PHASE_STRIP = NO;
				DEBUG_INFORMATION_FORMAT = "dwarf-with-dsym";
				ENABLE_NS_ASSERTIONS = NO;
				ENABLE_STRICT_OBJC_MSGSEND = YES;
				GCC_C_LANGUAGE_STANDARD = gnu11;
				GCC_NO_COMMON_BLOCKS = YES;
				GCC_WARN_64_TO_32_BIT_CONVERSION = YES;
				GCC_WARN_ABOUT_RETURN_TYPE = YES_ERROR;
				GCC_WARN_UNDECLARED_SELECTOR = YES;
				GCC_WARN_UNINITIALIZED_AUTOS = YES_AGGRESSIVE;
				GCC_WARN_UNUSED_FUNCTION = YES;
				GCC_WARN_UNUSED_VARIABLE = YES;
				MACOSX_DEPLOYMENT_TARGET = 11.3;
				MTL_ENABLE_DEBUG_INFO = NO;
				MTL_FAST_MATH = YES;
				SDKROOT = macosx;
				SWIFT_COMPILATION_MODE = wholemodule;
				SWIFT_OPTIMIZATION_LEVEL = "-O";
			};
			name = Release;
		};
		8382792126F106D300D839EE /* Debug */ = {
			isa = XCBuildConfiguration;
			buildSettings = {
				ASSETCATALOG_COMPILER_APPICON_NAME = AppIcon;
				ASSETCATALOG_COMPILER_GLOBAL_ACCENT_COLOR_NAME = AccentColor;
				CODE_SIGN_ENTITLEMENTS = CustomerServices/CustomerServices.entitlements;
				CODE_SIGN_STYLE = Automatic;
				COMBINE_HIDPI_IMAGES = YES;
				DEVELOPMENT_ASSET_PATHS = "\"CustomerServices/Preview Content\"";
				DEVELOPMENT_TEAM = 9LF7PAL88C;
				ENABLE_HARDENED_RUNTIME = YES;
				ENABLE_PREVIEWS = YES;
				INFOPLIST_FILE = CustomerServices/Info.plist;
				LD_RUNPATH_SEARCH_PATHS = (
					"$(inherited)",
					"@executable_path/../Frameworks",
				);
				MACOSX_DEPLOYMENT_TARGET = 11.0;
				PRODUCT_BUNDLE_IDENTIFIER = com.crm.CustomerServices;
				PRODUCT_NAME = "$(TARGET_NAME)";
				SWIFT_VERSION = 5.0;
			};
			name = Debug;
		};
		8382792226F106D300D839EE /* Release */ = {
			isa = XCBuildConfiguration;
			buildSettings = {
				ASSETCATALOG_COMPILER_APPICON_NAME = AppIcon;
				ASSETCATALOG_COMPILER_GLOBAL_ACCENT_COLOR_NAME = AccentColor;
				CODE_SIGN_ENTITLEMENTS = CustomerServices/CustomerServices.entitlements;
				CODE_SIGN_STYLE = Automatic;
				COMBINE_HIDPI_IMAGES = YES;
				DEVELOPMENT_ASSET_PATHS = "\"CustomerServices/Preview Content\"";
				DEVELOPMENT_TEAM = 9LF7PAL88C;
				ENABLE_HARDENED_RUNTIME = YES;
				ENABLE_PREVIEWS = YES;
				INFOPLIST_FILE = CustomerServices/Info.plist;
				LD_RUNPATH_SEARCH_PATHS = (
					"$(inherited)",
					"@executable_path/../Frameworks",
				);
				MACOSX_DEPLOYMENT_TARGET = 11.0;
				PRODUCT_BUNDLE_IDENTIFIER = com.crm.CustomerServices;
				PRODUCT_NAME = "$(TARGET_NAME)";
				SWIFT_VERSION = 5.0;
			};
			name = Release;
		};
/* End XCBuildConfiguration section */

/* Begin XCConfigurationList section */
		8382790626F106CD00D839EE /* Build configuration list for PBXProject "CustomerServices" */ = {
			isa = XCConfigurationList;
			buildConfigurations = (
				8382791E26F106D300D839EE /* Debug */,
				8382791F26F106D300D839EE /* Release */,
			);
			defaultConfigurationIsVisible = 0;
			defaultConfigurationName = Release;
		};
		8382792026F106D300D839EE /* Build configuration list for PBXNativeTarget "CustomerServices" */ = {
			isa = XCConfigurationList;
			buildConfigurations = (
				8382792126F106D300D839EE /* Debug */,
				8382792226F106D300D839EE /* Release */,
			);
			defaultConfigurationIsVisible = 0;
			defaultConfigurationName = Release;
		};
/* End XCConfigurationList section */

/* Begin XCVersionGroup section */
		8382791926F106D300D839EE /* CustomerServices.xcdatamodeld */ = {
			isa = XCVersionGroup;
			children = (
				8382791A26F106D300D839EE /* CustomerServices.xcdatamodel */,
			);
			currentVersion = 8382791A26F106D300D839EE /* CustomerServices.xcdatamodel */;
			path = CustomerServices.xcdatamodeld;
			sourceTree = "<group>";
			versionGroupType = wrapper.xcdatamodel;
		};
/* End XCVersionGroup section */
	};
	rootObject = 8382790326F106CD00D839EE /* Project object */;
}
